
Microsoft Visual Studio Solution File, Format Version 12.00
# Visual Studio Version 16
VisualStudioVersion = 16.0.30225.117
MinimumVisualStudioVersion = 10.0.40219.1
Project("{8BC9CEB8-8B4A-11D0-8D11-00A0C91BC942}") = "D3D12HelloTriangle", "HelloTriangle\D3D12HelloTriangle.vcxproj", "{BA127827-56C8-492A-8437-532BFB24B290}"
EndProject
Global
	GlobalSection(SolutionConfigurationPlatforms) = preSolution
		Debug|ARM64 = Debug|ARM64
		Debug|x64 = Debug|x64
		Release|ARM64 = Release|ARM64
		Release|x64 = Release|x64
	EndGlobalSection
	GlobalSection(ProjectConfigurationPlatforms) = postSolution
		{BA127827-56C8-492A-8437-532BFB24B290}.Debug|ARM64.ActiveCfg = Debug|Win32
		{BA127827-56C8-492A-8437-532BFB24B290}.Debug|x64.ActiveCfg = Debug|x64
		{BA127827-56C8-492A-8437-532BFB24B290}.Debug|x64.Build.0 = Debug|x64
		{BA127827-56C8-492A-8437-532BFB24B290}.Release|ARM64.ActiveCfg = Release|Win32
		{BA127827-56C8-492A-8437-532BFB24B290}.Release|x64.ActiveCfg = Release|x64
		{BA127827-56C8-492A-8437-532BFB24B290}.Release|x64.Build.0 = Release|x64
	EndGlobalSection
	GlobalSection(SolutionProperties) = preSolution
		HideSolutionNode = FALSE
	EndGlobalSection
	GlobalSection(ExtensibilityGlobals) = postSolution
		SolutionGuid = {E02EF943-90FC-41AA-B9AF-12C38B9342B9}
	EndGlobalSection
EndGlobal
